// !$*UTF8*$!
{
	archiveVersion = 1;
	classes = {
	};
	objectVersion = 50;
	objects = {

/* Begin PBXBuildFile section */
		4B1C257E24D9DCAD00E6992B /* AppDelegate.swift in Sources */ = {isa = PBXBuildFile; fileRef = 4B1C257D24D9DCAD00E6992B /* AppDelegate.swift */; };
		4B1C258024D9DCAD00E6992B /* SceneDelegate.swift in Sources */ = {isa = PBXBuildFile; fileRef = 4B1C257F24D9DCAD00E6992B /* SceneDelegate.swift */; };
		4B1C258224D9DCAD00E6992B /* ViewController.swift in Sources */ = {isa = PBXBuildFile; fileRef = 4B1C258124D9DCAD00E6992B /* ViewController.swift */; };
		4B1C258524D9DCAD00E6992B /* Main.storyboard in Resources */ = {isa = PBXBuildFile; fileRef = 4B1C258324D9DCAD00E6992B /* Main.storyboard */; };
		4B1C258724D9DCAF00E6992B /* Assets.xcassets in Resources */ = {isa = PBXBuildFile; fileRef = 4B1C258624D9DCAF00E6992B /* Assets.xcassets */; };
		4B1C258A24D9DCAF00E6992B /* LaunchScreen.storyboard in Resources */ = {isa = PBXBuildFile; fileRef = 4B1C258824D9DCAF00E6992B /* LaunchScreen.storyboard */; };
		4B1C259224D9EEAB00E6992B /* Contract.swift in Sources */ = {isa = PBXBuildFile; fileRef = 4B1C259124D9EEAB00E6992B /* Contract.swift */; };
		4B1C259524D9F0C100E6992B /* Station.swift in Sources */ = {isa = PBXBuildFile; fileRef = 4B1C259424D9F0C100E6992B /* Station.swift */; };
		4B1C259824DB431600E6992B /* DataRetriever.swift in Sources */ = {isa = PBXBuildFile; fileRef = 4B1C259724DB431600E6992B /* DataRetriever.swift */; };
		4B1C259A24DB4D1D00E6992B /* NetworkModel.swift in Sources */ = {isa = PBXBuildFile; fileRef = 4B1C259924DB4D1D00E6992B /* NetworkModel.swift */; };
		4B1C259C24DB511F00E6992B /* ApiKey.swift in Sources */ = {isa = PBXBuildFile; fileRef = 4B1C259B24DB511F00E6992B /* ApiKey.swift */; };
/* End PBXBuildFile section */

/* Begin PBXFileReference section */
		4B1C257A24D9DCAD00E6992B /* VelAll.app */ = {isa = PBXFileReference; explicitFileType = wrapper.application; includeInIndex = 0; path = VelAll.app; sourceTree = BUILT_PRODUCTS_DIR; };
		4B1C257D24D9DCAD00E6992B /* AppDelegate.swift */ = {isa = PBXFileReference; lastKnownFileType = sourcecode.swift; path = AppDelegate.swift; sourceTree = "<group>"; };
		4B1C257F24D9DCAD00E6992B /* SceneDelegate.swift */ = {isa = PBXFileReference; lastKnownFileType = sourcecode.swift; path = SceneDelegate.swift; sourceTree = "<group>"; };
		4B1C258124D9DCAD00E6992B /* ViewController.swift */ = {isa = PBXFileReference; lastKnownFileType = sourcecode.swift; path = ViewController.swift; sourceTree = "<group>"; };
		4B1C258424D9DCAD00E6992B /* Base */ = {isa = PBXFileReference; lastKnownFileType = file.storyboard; name = Base; path = Base.lproj/Main.storyboard; sourceTree = "<group>"; };
		4B1C258624D9DCAF00E6992B /* Assets.xcassets */ = {isa = PBXFileReference; lastKnownFileType = folder.assetcatalog; path = Assets.xcassets; sourceTree = "<group>"; };
		4B1C258924D9DCAF00E6992B /* Base */ = {isa = PBXFileReference; lastKnownFileType = file.storyboard; name = Base; path = Base.lproj/LaunchScreen.storyboard; sourceTree = "<group>"; };
		4B1C258B24D9DCAF00E6992B /* Info.plist */ = {isa = PBXFileReference; lastKnownFileType = text.plist.xml; path = Info.plist; sourceTree = "<group>"; };
		4B1C259124D9EEAB00E6992B /* Contract.swift */ = {isa = PBXFileReference; lastKnownFileType = sourcecode.swift; path = Contract.swift; sourceTree = "<group>"; };
		4B1C259424D9F0C100E6992B /* Station.swift */ = {isa = PBXFileReference; lastKnownFileType = sourcecode.swift; path = Station.swift; sourceTree = "<group>"; };
		4B1C259724DB431600E6992B /* DataRetriever.swift */ = {isa = PBXFileReference; lastKnownFileType = sourcecode.swift; path = DataRetriever.swift; sourceTree = "<group>"; };
		4B1C259924DB4D1D00E6992B /* NetworkModel.swift */ = {isa = PBXFileReference; lastKnownFileType = sourcecode.swift; path = NetworkModel.swift; sourceTree = "<group>"; };
		4B1C259B24DB511F00E6992B /* ApiKey.swift */ = {isa = PBXFileReference; lastKnownFileType = sourcecode.swift; path = ApiKey.swift; sourceTree = "<group>"; };
/* End PBXFileReference section */

/* Begin PBXFrameworksBuildPhase section */
		4B1C257724D9DCAD00E6992B /* Frameworks */ = {
			isa = PBXFrameworksBuildPhase;
			buildActionMask = 2147483647;
			files = (
			);
			runOnlyForDeploymentPostprocessing = 0;
		};
/* End PBXFrameworksBuildPhase section */

/* Begin PBXGroup section */
		4B1C257124D9DCAD00E6992B = {
			isa = PBXGroup;
			children = (
				4B1C257C24D9DCAD00E6992B /* VelAll */,
				4B1C257B24D9DCAD00E6992B /* Products */,
			);
			sourceTree = "<group>";
		};
		4B1C257B24D9DCAD00E6992B /* Products */ = {
			isa = PBXGroup;
			children = (
				4B1C257A24D9DCAD00E6992B /* VelAll.app */,
			);
			name = Products;
			sourceTree = "<group>";
		};
		4B1C257C24D9DCAD00E6992B /* VelAll */ = {
			isa = PBXGroup;
			children = (
				4B1C257D24D9DCAD00E6992B /* AppDelegate.swift */,
				4B1C257F24D9DCAD00E6992B /* SceneDelegate.swift */,
				4B1C258124D9DCAD00E6992B /* ViewController.swift */,
				4B1C259624DB430700E6992B /* New Group */,
				4B1C259324D9EF2C00E6992B /* Model */,
				4B1C258324D9DCAD00E6992B /* Main.storyboard */,
				4B1C258624D9DCAF00E6992B /* Assets.xcassets */,
				4B1C258824D9DCAF00E6992B /* LaunchScreen.storyboard */,
				4B1C258B24D9DCAF00E6992B /* Info.plist */,
			);
			path = VelAll;
			sourceTree = "<group>";
		};
		4B1C259324D9EF2C00E6992B /* Model */ = {
			isa = PBXGroup;
			children = (
				4B1C259124D9EEAB00E6992B /* Contract.swift */,
				4B1C259424D9F0C100E6992B /* Station.swift */,
				4B1C259924DB4D1D00E6992B /* NetworkModel.swift */,
				4B1C259B24DB511F00E6992B /* ApiKey.swift */,
			);
			path = Model;
			sourceTree = "<group>";
		};
		4B1C259624DB430700E6992B /* New Group */ = {
			isa = PBXGroup;
			children = (
				4B1C259724DB431600E6992B /* DataRetriever.swift */,
			);
			path = "New Group";
			sourceTree = "<group>";
		};
/* End PBXGroup section */

/* Begin PBXNativeTarget section */
		4B1C257924D9DCAD00E6992B /* VelAll */ = {
			isa = PBXNativeTarget;
			buildConfigurationList = 4B1C258E24D9DCAF00E6992B /* Build configuration list for PBXNativeTarget "VelAll" */;
			buildPhases = (
				4B1C257624D9DCAD00E6992B /* Sources */,
				4B1C257724D9DCAD00E6992B /* Frameworks */,
				4B1C257824D9DCAD00E6992B /* Resources */,
			);
			buildRules = (
			);
			dependencies = (
			);
			name = VelAll;
			productName = VelAll;
			productReference = 4B1C257A24D9DCAD00E6992B /* VelAll.app */;
			productType = "com.apple.product-type.application";
		};
/* End PBXNativeTarget section */

/* Begin PBXProject section */
		4B1C257224D9DCAD00E6992B /* Project object */ = {
			isa = PBXProject;
			attributes = {
				LastSwiftUpdateCheck = 1160;
				LastUpgradeCheck = 1160;
				ORGANIZATIONNAME = "Mohcine BELARREM";
				TargetAttributes = {
					4B1C257924D9DCAD00E6992B = {
						CreatedOnToolsVersion = 11.6;
					};
				};
			};
			buildConfigurationList = 4B1C257524D9DCAD00E6992B /* Build configuration list for PBXProject "VelAll" */;
			compatibilityVersion = "Xcode 9.3";
			developmentRegion = en;
			hasScannedForEncodings = 0;
			knownRegions = (
				en,
				Base,
			);
			mainGroup = 4B1C257124D9DCAD00E6992B;
			productRefGroup = 4B1C257B24D9DCAD00E6992B /* Products */;
			projectDirPath = "";
			projectRoot = "";
			targets = (
				4B1C257924D9DCAD00E6992B /* VelAll */,
			);
		};
/* End PBXProject section */

/* Begin PBXResourcesBuildPhase section */
		4B1C257824D9DCAD00E6992B /* Resources */ = {
			isa = PBXResourcesBuildPhase;
			buildActionMask = 2147483647;
			files = (
				4B1C258A24D9DCAF00E6992B /* LaunchScreen.storyboard in Resources */,
				4B1C258724D9DCAF00E6992B /* Assets.xcassets in Resources */,
				4B1C258524D9DCAD00E6992B /* Main.storyboard in Resources */,
			);
			runOnlyForDeploymentPostprocessing = 0;
		};
/* End PBXResourcesBuildPhase section */

/* Begin PBXSourcesBuildPhase section */
		4B1C257624D9DCAD00E6992B /* Sources */ = {
			isa = PBXSourcesBuildPhase;
			buildActionMask = 2147483647;
			files = (
				4B1C259824DB431600E6992B /* DataRetriever.swift in Sources */,
				4B1C258224D9DCAD00E6992B /* ViewController.swift in Sources */,
				4B1C259C24DB511F00E6992B /* ApiKey.swift in Sources */,
				4B1C259524D9F0C100E6992B /* Station.swift in Sources */,
				4B1C257E24D9DCAD00E6992B /* AppDelegate.swift in Sources */,
				4B1C258024D9DCAD00E6992B /* SceneDelegate.swift in Sources */,
				4B1C259A24DB4D1D00E6992B /* NetworkModel.swift in Sources */,
				4B1C259224D9EEAB00E6992B /* Contract.swift in Sources */,
			);
			runOnlyForDeploymentPostprocessing = 0;
		};
/* End PBXSourcesBuildPhase section */

/* Begin PBXVariantGroup section */
		4B1C258324D9DCAD00E6992B /* Main.storyboard */ = {
			isa = PBXVariantGroup;
			children = (
				4B1C258424D9DCAD00E6992B /* Base */,
			);
			name = Main.storyboard;
			sourceTree = "<group>";
		};
		4B1C258824D9DCAF00E6992B /* LaunchScreen.storyboard */ = {
			isa = PBXVariantGroup;
			children = (
				4B1C258924D9DCAF00E6992B /* Base */,
			);
			name = LaunchScreen.storyboard;
			sourceTree = "<group>";
		};
/* End PBXVariantGroup section */

/* Begin XCBuildConfiguration section */
		4B1C258C24D9DCAF00E6992B /* Debug */ = {
			isa = XCBuildConfiguration;
			buildSettings = {
				ALWAYS_SEARCH_USER_PATHS = NO;
				CLANG_ANALYZER_NONNULL = YES;
				CLANG_ANALYZER_NUMBER_OBJECT_CONVERSION = YES_AGGRESSIVE;
				CLANG_CXX_LANGUAGE_STANDARD = "gnu++14";
				CLANG_CXX_LIBRARY = "libc++";
				CLANG_ENABLE_MODULES = YES;
				CLANG_ENABLE_OBJC_ARC = YES;
				CLANG_ENABLE_OBJC_WEAK = YES;
				CLANG_WARN_BLOCK_CAPTURE_AUTORELEASING = YES;
				CLANG_WARN_BOOL_CONVERSION = YES;
				CLANG_WARN_COMMA = YES;
				CLANG_WARN_CONSTANT_CONVERSION = YES;
				CLANG_WARN_DEPRECATED_OBJC_IMPLEMENTATIONS = YES;
				CLANG_WARN_DIRECT_OBJC_ISA_USAGE = YES_ERROR;
				CLANG_WARN_DOCUMENTATION_COMMENTS = YES;
				CLANG_WARN_EMPTY_BODY = YES;
				CLANG_WARN_ENUM_CONVERSION = YES;
				CLANG_WARN_INFINITE_RECURSION = YES;
				CLANG_WARN_INT_CONVERSION = YES;
				CLANG_WARN_NON_LITERAL_NULL_CONVERSION = YES;
				CLANG_WARN_OBJC_IMPLICIT_RETAIN_SELF = YES;
				CLANG_WARN_OBJC_LITERAL_CONVERSION = YES;
				CLANG_WARN_OBJC_ROOT_CLASS = YES_ERROR;
				CLANG_WARN_RANGE_LOOP_ANALYSIS = YES;
				CLANG_WARN_STRICT_PROTOTYPES = YES;
				CLANG_WARN_SUSPICIOUS_MOVE = YES;
				CLANG_WARN_UNGUARDED_AVAILABILITY = YES_AGGRESSIVE;
				CLANG_WARN_UNREACHABLE_CODE = YES;
				CLANG_WARN__DUPLICATE_METHOD_MATCH = YES;
				COPY_PHASE_STRIP = NO;
				DEBUG_INFORMATION_FORMAT = dwarf;
				ENABLE_STRICT_OBJC_MSGSEND = YES;
				ENABLE_TESTABILITY = YES;
				GCC_C_LANGUAGE_STANDARD = gnu11;
				GCC_DYNAMIC_NO_PIC = NO;
				GCC_NO_COMMON_BLOCKS = YES;
				GCC_OPTIMIZATION_LEVEL = 0;
				GCC_PREPROCESSOR_DEFINITIONS = (
					"DEBUG=1",
					"$(inherited)",
				);
				GCC_WARN_64_TO_32_BIT_CONVERSION = YES;
				GCC_WARN_ABOUT_RETURN_TYPE = YES_ERROR;
				GCC_WARN_UNDECLARED_SELECTOR = YES;
				GCC_WARN_UNINITIALIZED_AUTOS = YES_AGGRESSIVE;
				GCC_WARN_UNUSED_FUNCTION = YES;
				GCC_WARN_UNUSED_VARIABLE = YES;
				IPHONEOS_DEPLOYMENT_TARGET = 13.6;
				MTL_ENABLE_DEBUG_INFO = INCLUDE_SOURCE;
				MTL_FAST_MATH = YES;
				ONLY_ACTIVE_ARCH = YES;
				SDKROOT = iphoneos;
				SWIFT_ACTIVE_COMPILATION_CONDITIONS = DEBUG;
				SWIFT_OPTIMIZATION_LEVEL = "-Onone";
			};
			name = Debug;
		};
		4B1C258D24D9DCAF00E6992B /* Release */ = {
			isa = XCBuildConfiguration;
			buildSettings = {
				ALWAYS_SEARCH_USER_PATHS = NO;
				CLANG_ANALYZER_NONNULL = YES;
				CLANG_ANALYZER_NUMBER_OBJECT_CONVERSION = YES_AGGRESSIVE;
				CLANG_CXX_LANGUAGE_STANDARD = "gnu++14";
				CLANG_CXX_LIBRARY = "libc++";
				CLANG_ENABLE_MODULES = YES;
				CLANG_ENABLE_OBJC_ARC = YES;
				CLANG_ENABLE_OBJC_WEAK = YES;
				CLANG_WARN_BLOCK_CAPTURE_AUTORELEASING = YES;
				CLANG_WARN_BOOL_CONVERSION = YES;
				CLANG_WARN_COMMA = YES;
				CLANG_WARN_CONSTANT_CONVERSION = YES;
				CLANG_WARN_DEPRECATED_OBJC_IMPLEMENTATIONS = YES;
				CLANG_WARN_DIRECT_OBJC_ISA_USAGE = YES_ERROR;
				CLANG_WARN_DOCUMENTATION_COMMENTS = YES;
				CLANG_WARN_EMPTY_BODY = YES;
				CLANG_WARN_ENUM_CONVERSION = YES;
				CLANG_WARN_INFINITE_RECURSION = YES;
				CLANG_WARN_INT_CONVERSION = YES;
				CLANG_WARN_NON_LITERAL_NULL_CONVERSION = YES;
				CLANG_WARN_OBJC_IMPLICIT_RETAIN_SELF = YES;
				CLANG_WARN_OBJC_LITERAL_CONVERSION = YES;
				CLANG_WARN_OBJC_ROOT_CLASS = YES_ERROR;
				CLANG_WARN_RANGE_LOOP_ANALYSIS = YES;
				CLANG_WARN_STRICT_PROTOTYPES = YES;
				CLANG_WARN_SUSPICIOUS_MOVE = YES;
				CLANG_WARN_UNGUARDED_AVAILABILITY = YES_AGGRESSIVE;
				CLANG_WARN_UNREACHABLE_CODE = YES;
				CLANG_WARN__DUPLICATE_METHOD_MATCH = YES;
				COPY_PHASE_STRIP = NO;
				DEBUG_INFORMATION_FORMAT = "dwarf-with-dsym";
				ENABLE_NS_ASSERTIONS = NO;
				ENABLE_STRICT_OBJC_MSGSEND = YES;
				GCC_C_LANGUAGE_STANDARD = gnu11;
				GCC_NO_COMMON_BLOCKS = YES;
				GCC_WARN_64_TO_32_BIT_CONVERSION = YES;
				GCC_WARN_ABOUT_RETURN_TYPE = YES_ERROR;
				GCC_WARN_UNDECLARED_SELECTOR = YES;
				GCC_WARN_UNINITIALIZED_AUTOS = YES_AGGRESSIVE;
				GCC_WARN_UNUSED_FUNCTION = YES;
				GCC_WARN_UNUSED_VARIABLE = YES;
				IPHONEOS_DEPLOYMENT_TARGET = 13.6;
				MTL_ENABLE_DEBUG_INFO = NO;
				MTL_FAST_MATH = YES;
				SDKROOT = iphoneos;
				SWIFT_COMPILATION_MODE = wholemodule;
				SWIFT_OPTIMIZATION_LEVEL = "-O";
				VALIDATE_PRODUCT = YES;
			};
			name = Release;
		};
		4B1C258F24D9DCAF00E6992B /* Debug */ = {
			isa = XCBuildConfiguration;
			buildSettings = {
				ASSETCATALOG_COMPILER_APPICON_NAME = AppIcon;
				CODE_SIGN_STYLE = Automatic;
				DEVELOPMENT_TEAM = PD597TY265;
				INFOPLIST_FILE = VelAll/Info.plist;
				LD_RUNPATH_SEARCH_PATHS = (
					"$(inherited)",
					"@executable_path/Frameworks",
				);
				PRODUCT_BUNDLE_IDENTIFIER = com.belarrem.VelAll;
				PRODUCT_NAME = "$(TARGET_NAME)";
				SWIFT_VERSION = 5.0;
				TARGETED_DEVICE_FAMILY = "1,2";
			};
			name = Debug;
		};
		4B1C259024D9DCAF00E6992B /* Release */ = {
			isa = XCBuildConfiguration;
			buildSettings = {
				ASSETCATALOG_COMPILER_APPICON_NAME = AppIcon;
				CODE_SIGN_STYLE = Automatic;
				DEVELOPMENT_TEAM = PD597TY265;
				INFOPLIST_FILE = VelAll/Info.plist;
				LD_RUNPATH_SEARCH_PATHS = (
					"$(inherited)",
					"@executable_path/Frameworks",
				);
				PRODUCT_BUNDLE_IDENTIFIER = com.belarrem.VelAll;
				PRODUCT_NAME = "$(TARGET_NAME)";
				SWIFT_VERSION = 5.0;
				TARGETED_DEVICE_FAMILY = "1,2";
			};
			name = Release;
		};
/* End XCBuildConfiguration section */

/* Begin XCConfigurationList section */
		4B1C257524D9DCAD00E6992B /* Build configuration list for PBXProject "VelAll" */ = {
			isa = XCConfigurationList;
			buildConfigurations = (
				4B1C258C24D9DCAF00E6992B /* Debug */,
				4B1C258D24D9DCAF00E6992B /* Release */,
			);
			defaultConfigurationIsVisible = 0;
			defaultConfigurationName = Release;
		};
		4B1C258E24D9DCAF00E6992B /* Build configuration list for PBXNativeTarget "VelAll" */ = {
			isa = XCConfigurationList;
			buildConfigurations = (
				4B1C258F24D9DCAF00E6992B /* Debug */,
				4B1C259024D9DCAF00E6992B /* Release */,
			);
			defaultConfigurationIsVisible = 0;
			defaultConfigurationName = Release;
		};
/* End XCConfigurationList section */
	};
	rootObject = 4B1C257224D9DCAD00E6992B /* Project object */;
}
